
Microsoft Visual Studio Solution File, Format Version 12.00
# Visual Studio Version 17
VisualStudioVersion = 17.1.32113.165
MinimumVisualStudioVersion = 10.0.40219.1
Project("{FAE04EC0-301F-11D3-BF4B-00C04F79EFBC}") = "Generics", "Generics\Generics.csproj", "{2C15441E-F60F-462B-8FFF-52B918FFC4C5}"
EndProject
Project("{FAE04EC0-301F-11D3-BF4B-00C04F79EFBC}") = "Delegates", "Delegates\Delegates.csproj", "{78F0EE7D-AA7C-46D6-8860-F7DDCB405895}"
EndProject
Global
	GlobalSection(SolutionConfigurationPlatforms) = preSolution
		Debug|Any CPU = Debug|Any CPU
		Release|Any CPU = Release|Any CPU
	EndGlobalSection
	GlobalSection(ProjectConfigurationPlatforms) = postSolution
		{2C15441E-F60F-462B-8FFF-52B918FFC4C5}.Debug|Any CPU.ActiveCfg = Debug|Any CPU
		{2C15441E-F60F-462B-8FFF-52B918FFC4C5}.Debug|Any CPU.Build.0 = Debug|Any CPU
		{2C15441E-F60F-462B-8FFF-52B918FFC4C5}.Release|Any CPU.ActiveCfg = Release|Any CPU
		{2C15441E-F60F-462B-8FFF-52B918FFC4C5}.Release|Any CPU.Build.0 = Release|Any CPU
		{78F0EE7D-AA7C-46D6-8860-F7DDCB405895}.Debug|Any CPU.ActiveCfg = Debug|Any CPU
		{78F0EE7D-AA7C-46D6-8860-F7DDCB405895}.Debug|Any CPU.Build.0 = Debug|Any CPU
		{78F0EE7D-AA7C-46D6-8860-F7DDCB405895}.Release|Any CPU.ActiveCfg = Release|Any CPU
		{78F0EE7D-AA7C-46D6-8860-F7DDCB405895}.Release|Any CPU.Build.0 = Release|Any CPU
	EndGlobalSection
	GlobalSection(SolutionProperties) = preSolution
		HideSolutionNode = FALSE
	EndGlobalSection
	GlobalSection(ExtensibilityGlobals) = postSolution
		SolutionGuid = {29A15021-3815-4368-98C1-4669EF582DC5}
	EndGlobalSection
EndGlobal
